{
  "version": 4,
  "terraform_version": "1.3.3",
  "serial": 720,
  "lineage": "0d97e0b6-d741-5854-055a-fdb4daaf3039",
  "outputs": {},
  "resources": [
    {
      "mode": "managed",
      "type": "aws_vpc",
      "name": "vpc",
      "provider": "provider[\"registry.terraform.io/hashicorp/aws\"]",
      "instances": [
        {
          "schema_version": 1,
          "attributes": {
            "arn": "arn:aws:ec2:eu-central-1:111102845449:vpc/vpc-0741da70259bcab3d",
            "assign_generated_ipv6_cidr_block": false,
            "cidr_block": "10.10.0.0/16",
            "default_network_acl_id": "acl-09eabdc0e90cf6911",
            "default_route_table_id": "rtb-08d0a0300dd8a03dc",
            "default_security_group_id": "sg-0d53dea6ba24c3eab",
            "dhcp_options_id": "dopt-abba5ac3",
            "enable_classiclink": false,
            "enable_classiclink_dns_support": false,
            "enable_dns_hostnames": true,
            "enable_dns_support": true,
            "id": "vpc-0741da70259bcab3d",
            "instance_tenancy": "default",
            "ipv4_ipam_pool_id": null,
            "ipv4_netmask_length": null,
            "ipv6_association_id": "",
            "ipv6_cidr_block": "",
            "ipv6_cidr_block_network_border_group": "",
            "ipv6_ipam_pool_id": "",
            "ipv6_netmask_length": 0,
            "main_route_table_id": "rtb-08d0a0300dd8a03dc",
            "owner_id": "111102845449",
            "tags": {
              "Name": "k3s"
            },
            "tags_all": {
              "Environment": "Test",
              "Name": "k3s",
              "Terraform": "true"
            }
          },
          "sensitive_attributes": [],
          "private": "eyJzY2hlbWFfdmVyc2lvbiI6IjEifQ=="
        }
      ]
    }
  ],
  "check_results": []
}
